
Microsoft Visual Studio Solution File, Format Version 12.00
# Visual Studio Version 16
VisualStudioVersion = 16.0.32126.315
MinimumVisualStudioVersion = 10.0.40219.1
Project("{FAE04EC0-301F-11D3-BF4B-00C04F79EFBC}") = "ProdutoStore", "ProdutoStore\ProdutoStore.csproj", "{20359895-F716-4160-AADB-C89D01D83741}"
EndProject
Global
	GlobalSection(SolutionConfigurationPlatforms) = preSolution
		Debug|Any CPU = Debug|Any CPU
		Release|Any CPU = Release|Any CPU
	EndGlobalSection
	GlobalSection(ProjectConfigurationPlatforms) = postSolution
		{20359895-F716-4160-AADB-C89D01D83741}.Debug|Any CPU.ActiveCfg = Debug|Any CPU
		{20359895-F716-4160-AADB-C89D01D83741}.Debug|Any CPU.Build.0 = Debug|Any CPU
		{20359895-F716-4160-AADB-C89D01D83741}.Release|Any CPU.ActiveCfg = Release|Any CPU
		{20359895-F716-4160-AADB-C89D01D83741}.Release|Any CPU.Build.0 = Release|Any CPU
	EndGlobalSection
	GlobalSection(SolutionProperties) = preSolution
		HideSolutionNode = FALSE
	EndGlobalSection
	GlobalSection(ExtensibilityGlobals) = postSolution
		SolutionGuid = {8F7D9DB1-85FB-4C5D-9FF4-7FB65EF0C2C6}
	EndGlobalSection
EndGlobal
